
Microsoft Visual Studio Solution File, Format Version 11.00
# Visual Studio 2010
Project("{FAE04EC0-301F-11D3-BF4B-00C04F79EFBC}") = "Assembly-CSharp", "Assembly-CSharp.csproj", "{28157a4d-b56a-4882-142c-6b305fe3bc00}"
EndProject
Project("{FAE04EC0-301F-11D3-BF4B-00C04F79EFBC}") = "Unity.XR.Management.Samples.Editor", "Unity.XR.Management.Samples.Editor.csproj", "{775d9fd5-e3b0-d324-32f8-e99f1996ff48}"
EndProject
Project("{FAE04EC0-301F-11D3-BF4B-00C04F79EFBC}") = "Unity.XR.Management.Samples", "Unity.XR.Management.Samples.csproj", "{1175e8e0-2a36-9da1-1502-1d0387c6b42b}"
EndProject
Global
	GlobalSection(SolutionConfigurationPlatforms) = preSolution
		Debug|Any CPU = Debug|Any CPU
	EndGlobalSection
	GlobalSection(ProjectConfigurationPlatforms) = postSolution
		{28157a4d-b56a-4882-142c-6b305fe3bc00}.Debug|Any CPU.ActiveCfg = Debug|Any CPU
		{28157a4d-b56a-4882-142c-6b305fe3bc00}.Debug|Any CPU.Build.0 = Debug|Any CPU
		{775d9fd5-e3b0-d324-32f8-e99f1996ff48}.Debug|Any CPU.ActiveCfg = Debug|Any CPU
		{775d9fd5-e3b0-d324-32f8-e99f1996ff48}.Debug|Any CPU.Build.0 = Debug|Any CPU
		{1175e8e0-2a36-9da1-1502-1d0387c6b42b}.Debug|Any CPU.ActiveCfg = Debug|Any CPU
		{1175e8e0-2a36-9da1-1502-1d0387c6b42b}.Debug|Any CPU.Build.0 = Debug|Any CPU
	EndGlobalSection
	GlobalSection(SolutionProperties) = preSolution
		HideSolutionNode = FALSE
	EndGlobalSection
EndGlobal
